{
  "nodes": {
    "dotfiles": {
      "flake": false,
      "locked": {
        "lastModified": 1775638998,
        "narHash": "sha256-znOefO1SpvFIiEbk/8ZLbPPF2QU22xOQfPYovQmSdK0=",
        "owner": "gabrielmbmb",
        "repo": "dotfiles",
        "rev": "db5c82fe408e2806871c9a33e842b695555e75e3",
        "type": "github"
      },
      "original": {
        "owner": "gabrielmbmb",
        "repo": "dotfiles",
        "type": "github"
      }
    },
    "nixpkgs": {
      "locked": {
        "lastModified": 1775305101,
        "narHash": "sha256-/74n1oQPtKG52Yw41cbToxspxHbYz6O3vi+XEw16Qe8=",
        "owner": "NixOS",
        "repo": "nixpkgs",
        "rev": "36a601196c4ebf49e035270e10b2d103fe39076b",
        "type": "github"
      },
      "original": {
        "owner": "NixOS",
        "ref": "nixos-25.11",
        "repo": "nixpkgs",
        "type": "github"
      }
    },
    "root": {
      "inputs": {
        "dotfiles": "dotfiles",
        "nixpkgs": "nixpkgs"
      }
    }
  },
  "root": "root",
  "version": 7
}
